
Microsoft Visual Studio Solution File, Format Version 12.00
# Visual Studio Version 17
VisualStudioVersion = 17.5.33516.290
MinimumVisualStudioVersion = 10.0.40219.1
Project("{FAE04EC0-301F-11D3-BF4B-00C04F79EFBC}") = "FizzBuzzChallenge", "FizzBuzzChallenge\FizzBuzzChallenge.csproj", "{9A886265-2E21-41ED-B8DE-67BB19DFDDA8}"
EndProject
Global
	GlobalSection(SolutionConfigurationPlatforms) = preSolution
		Debug|Any CPU = Debug|Any CPU
		Release|Any CPU = Release|Any CPU
	EndGlobalSection
	GlobalSection(ProjectConfigurationPlatforms) = postSolution
		{9A886265-2E21-41ED-B8DE-67BB19DFDDA8}.Debug|Any CPU.ActiveCfg = Debug|Any CPU
		{9A886265-2E21-41ED-B8DE-67BB19DFDDA8}.Debug|Any CPU.Build.0 = Debug|Any CPU
		{9A886265-2E21-41ED-B8DE-67BB19DFDDA8}.Release|Any CPU.ActiveCfg = Release|Any CPU
		{9A886265-2E21-41ED-B8DE-67BB19DFDDA8}.Release|Any CPU.Build.0 = Release|Any CPU
	EndGlobalSection
	GlobalSection(SolutionProperties) = preSolution
		HideSolutionNode = FALSE
	EndGlobalSection
	GlobalSection(ExtensibilityGlobals) = postSolution
		SolutionGuid = {6D30FB38-5930-4670-A3D6-42348C766BAD}
	EndGlobalSection
EndGlobal
